// !$*UTF8*$!
{
	archiveVersion = 1;
	classes = {
	};
	objectVersion = 46;
	objects = {

/* Begin PBXBuildFile section */
		5700A3E01D8A3B2000BF6234 /* AppDelegate.swift in Sources */ = {isa = PBXBuildFile; fileRef = 5700A3DF1D8A3B2000BF6234 /* AppDelegate.swift */; };
		5700A3E21D8A3B2000BF6234 /* ViewController.swift in Sources */ = {isa = PBXBuildFile; fileRef = 5700A3E11D8A3B2000BF6234 /* ViewController.swift */; };
		5700A3E51D8A3B2000BF6234 /* Main.storyboard in Resources */ = {isa = PBXBuildFile; fileRef = 5700A3E31D8A3B2000BF6234 /* Main.storyboard */; };
		5700A3E71D8A3B2000BF6234 /* Assets.xcassets in Resources */ = {isa = PBXBuildFile; fileRef = 5700A3E61D8A3B2000BF6234 /* Assets.xcassets */; };
		5700A3EA1D8A3B2000BF6234 /* LaunchScreen.storyboard in Resources */ = {isa = PBXBuildFile; fileRef = 5700A3E81D8A3B2000BF6234 /* LaunchScreen.storyboard */; };
		5700A3F51D8A3B2000BF6234 /* Photo_Search_Example_swift_3Tests.swift in Sources */ = {isa = PBXBuildFile; fileRef = 5700A3F41D8A3B2000BF6234 /* Photo_Search_Example_swift_3Tests.swift */; };
		5700A4001D8A3B2000BF6234 /* Photo_Search_Example_swift_3UITests.swift in Sources */ = {isa = PBXBuildFile; fileRef = 5700A3FF1D8A3B2000BF6234 /* Photo_Search_Example_swift_3UITests.swift */; };
		5700A41B1D8A3B4D00BF6234 /* AFHTTPSessionManager.m in Sources */ = {isa = PBXBuildFile; fileRef = 5700A40F1D8A3B4D00BF6234 /* AFHTTPSessionManager.m */; };
		5700A41C1D8A3B4D00BF6234 /* AFNetworkReachabilityManager.m in Sources */ = {isa = PBXBuildFile; fileRef = 5700A4121D8A3B4D00BF6234 /* AFNetworkReachabilityManager.m */; };
		5700A41D1D8A3B4D00BF6234 /* AFSecurityPolicy.m in Sources */ = {isa = PBXBuildFile; fileRef = 5700A4141D8A3B4D00BF6234 /* AFSecurityPolicy.m */; };
		5700A41E1D8A3B4D00BF6234 /* AFURLRequestSerialization.m in Sources */ = {isa = PBXBuildFile; fileRef = 5700A4161D8A3B4D00BF6234 /* AFURLRequestSerialization.m */; };
		5700A41F1D8A3B4D00BF6234 /* AFURLResponseSerialization.m in Sources */ = {isa = PBXBuildFile; fileRef = 5700A4181D8A3B4D00BF6234 /* AFURLResponseSerialization.m */; };
		5700A4201D8A3B4D00BF6234 /* AFURLSessionManager.m in Sources */ = {isa = PBXBuildFile; fileRef = 5700A41A1D8A3B4D00BF6234 /* AFURLSessionManager.m */; };
		57A23D9A1D90E4CB0002BE9B /* AFAutoPurgingImageCache.m in Sources */ = {isa = PBXBuildFile; fileRef = 57A23D871D90E4CB0002BE9B /* AFAutoPurgingImageCache.m */; };
		57A23D9B1D90E4CB0002BE9B /* AFImageDownloader.m in Sources */ = {isa = PBXBuildFile; fileRef = 57A23D891D90E4CB0002BE9B /* AFImageDownloader.m */; };
		57A23D9C1D90E4CB0002BE9B /* AFNetworkActivityIndicatorManager.m in Sources */ = {isa = PBXBuildFile; fileRef = 57A23D8B1D90E4CB0002BE9B /* AFNetworkActivityIndicatorManager.m */; };
		57A23D9D1D90E4CB0002BE9B /* UIActivityIndicatorView+AFNetworking.m in Sources */ = {isa = PBXBuildFile; fileRef = 57A23D8D1D90E4CB0002BE9B /* UIActivityIndicatorView+AFNetworking.m */; };
		57A23D9E1D90E4CB0002BE9B /* UIButton+AFNetworking.m in Sources */ = {isa = PBXBuildFile; fileRef = 57A23D8F1D90E4CB0002BE9B /* UIButton+AFNetworking.m */; };
		57A23D9F1D90E4CB0002BE9B /* UIImageView+AFNetworking.m in Sources */ = {isa = PBXBuildFile; fileRef = 57A23D921D90E4CB0002BE9B /* UIImageView+AFNetworking.m */; };
		57A23DA01D90E4CB0002BE9B /* UIProgressView+AFNetworking.m in Sources */ = {isa = PBXBuildFile; fileRef = 57A23D951D90E4CB0002BE9B /* UIProgressView+AFNetworking.m */; };
		57A23DA11D90E4CB0002BE9B /* UIRefreshControl+AFNetworking.m in Sources */ = {isa = PBXBuildFile; fileRef = 57A23D971D90E4CB0002BE9B /* UIRefreshControl+AFNetworking.m */; };
		57A23DA21D90E4CB0002BE9B /* UIWebView+AFNetworking.m in Sources */ = {isa = PBXBuildFile; fileRef = 57A23D991D90E4CB0002BE9B /* UIWebView+AFNetworking.m */; };
/* End PBXBuildFile section */

/* Begin PBXContainerItemProxy section */
		5700A3F11D8A3B2000BF6234 /* PBXContainerItemProxy */ = {
			isa = PBXContainerItemProxy;
			containerPortal = 5700A3D41D8A3B2000BF6234 /* Project object */;
			proxyType = 1;
			remoteGlobalIDString = 5700A3DB1D8A3B2000BF6234;
			remoteInfo = "Photo Search Example swift 3";
		};
		5700A3FC1D8A3B2000BF6234 /* PBXContainerItemProxy */ = {
			isa = PBXContainerItemProxy;
			containerPortal = 5700A3D41D8A3B2000BF6234 /* Project object */;
			proxyType = 1;
			remoteGlobalIDString = 5700A3DB1D8A3B2000BF6234;
			remoteInfo = "Photo Search Example swift 3";
		};
/* End PBXContainerItemProxy section */

/* Begin PBXFileReference section */
		5700A3DC1D8A3B2000BF6234 /* Photo Search Example swift 3.app */ = {isa = PBXFileReference; explicitFileType = wrapper.application; includeInIndex = 0; path = "Photo Search Example swift 3.app"; sourceTree = BUILT_PRODUCTS_DIR; };
		5700A3DF1D8A3B2000BF6234 /* AppDelegate.swift */ = {isa = PBXFileReference; lastKnownFileType = sourcecode.swift; path = AppDelegate.swift; sourceTree = "<group>"; };
		5700A3E11D8A3B2000BF6234 /* ViewController.swift */ = {isa = PBXFileReference; lastKnownFileType = sourcecode.swift; path = ViewController.swift; sourceTree = "<group>"; };
		5700A3E41D8A3B2000BF6234 /* Base */ = {isa = PBXFileReference; lastKnownFileType = file.storyboard; name = Base; path = Base.lproj/Main.storyboard; sourceTree = "<group>"; };
		5700A3E61D8A3B2000BF6234 /* Assets.xcassets */ = {isa = PBXFileReference; lastKnownFileType = folder.assetcatalog; path = Assets.xcassets; sourceTree = "<group>"; };
		5700A3E91D8A3B2000BF6234 /* Base */ = {isa = PBXFileReference; lastKnownFileType = file.storyboard; name = Base; path = Base.lproj/LaunchScreen.storyboard; sourceTree = "<group>"; };
		5700A3EB1D8A3B2000BF6234 /* Info.plist */ = {isa = PBXFileReference; lastKnownFileType = text.plist.xml; path = Info.plist; sourceTree = "<group>"; };
		5700A3F01D8A3B2000BF6234 /* Photo Search Example swift 3Tests.xctest */ = {isa = PBXFileReference; explicitFileType = wrapper.cfbundle; includeInIndex = 0; path = "Photo Search Example swift 3Tests.xctest"; sourceTree = BUILT_PRODUCTS_DIR; };
		5700A3F41D8A3B2000BF6234 /* Photo_Search_Example_swift_3Tests.swift */ = {isa = PBXFileReference; lastKnownFileType = sourcecode.swift; path = Photo_Search_Example_swift_3Tests.swift; sourceTree = "<group>"; };
		5700A3F61D8A3B2000BF6234 /* Info.plist */ = {isa = PBXFileReference; lastKnownFileType = text.plist.xml; path = Info.plist; sourceTree = "<group>"; };
		5700A3FB1D8A3B2000BF6234 /* Photo Search Example swift 3UITests.xctest */ = {isa = PBXFileReference; explicitFileType = wrapper.cfbundle; includeInIndex = 0; path = "Photo Search Example swift 3UITests.xctest"; sourceTree = BUILT_PRODUCTS_DIR; };
		5700A3FF1D8A3B2000BF6234 /* Photo_Search_Example_swift_3UITests.swift */ = {isa = PBXFileReference; lastKnownFileType = sourcecode.swift; path = Photo_Search_Example_swift_3UITests.swift; sourceTree = "<group>"; };
		5700A4011D8A3B2000BF6234 /* Info.plist */ = {isa = PBXFileReference; lastKnownFileType = text.plist.xml; path = Info.plist; sourceTree = "<group>"; };
		5700A40E1D8A3B4D00BF6234 /* AFHTTPSessionManager.h */ = {isa = PBXFileReference; fileEncoding = 4; lastKnownFileType = sourcecode.c.h; path = AFHTTPSessionManager.h; sourceTree = "<group>"; };
		5700A40F1D8A3B4D00BF6234 /* AFHTTPSessionManager.m */ = {isa = PBXFileReference; fileEncoding = 4; lastKnownFileType = sourcecode.c.objc; path = AFHTTPSessionManager.m; sourceTree = "<group>"; };
		5700A4101D8A3B4D00BF6234 /* AFNetworking.h */ = {isa = PBXFileReference; fileEncoding = 4; lastKnownFileType = sourcecode.c.h; path = AFNetworking.h; sourceTree = "<group>"; };
		5700A4111D8A3B4D00BF6234 /* AFNetworkReachabilityManager.h */ = {isa = PBXFileReference; fileEncoding = 4; lastKnownFileType = sourcecode.c.h; path = AFNetworkReachabilityManager.h; sourceTree = "<group>"; };
		5700A4121D8A3B4D00BF6234 /* AFNetworkReachabilityManager.m */ = {isa = PBXFileReference; fileEncoding = 4; lastKnownFileType = sourcecode.c.objc; path = AFNetworkReachabilityManager.m; sourceTree = "<group>"; };
		5700A4131D8A3B4D00BF6234 /* AFSecurityPolicy.h */ = {isa = PBXFileReference; fileEncoding = 4; lastKnownFileType = sourcecode.c.h; path = AFSecurityPolicy.h; sourceTree = "<group>"; };
		5700A4141D8A3B4D00BF6234 /* AFSecurityPolicy.m */ = {isa = PBXFileReference; fileEncoding = 4; lastKnownFileType = sourcecode.c.objc; path = AFSecurityPolicy.m; sourceTree = "<group>"; };
		5700A4151D8A3B4D00BF6234 /* AFURLRequestSerialization.h */ = {isa = PBXFileReference; fileEncoding = 4; lastKnownFileType = sourcecode.c.h; path = AFURLRequestSerialization.h; sourceTree = "<group>"; };
		5700A4161D8A3B4D00BF6234 /* AFURLRequestSerialization.m */ = {isa = PBXFileReference; fileEncoding = 4; lastKnownFileType = sourcecode.c.objc; path = AFURLRequestSerialization.m; sourceTree = "<group>"; };
		5700A4171D8A3B4D00BF6234 /* AFURLResponseSerialization.h */ = {isa = PBXFileReference; fileEncoding = 4; lastKnownFileType = sourcecode.c.h; path = AFURLResponseSerialization.h; sourceTree = "<group>"; };
		5700A4181D8A3B4D00BF6234 /* AFURLResponseSerialization.m */ = {isa = PBXFileReference; fileEncoding = 4; lastKnownFileType = sourcecode.c.objc; path = AFURLResponseSerialization.m; sourceTree = "<group>"; };
		5700A4191D8A3B4D00BF6234 /* AFURLSessionManager.h */ = {isa = PBXFileReference; fileEncoding = 4; lastKnownFileType = sourcecode.c.h; path = AFURLSessionManager.h; sourceTree = "<group>"; };
		5700A41A1D8A3B4D00BF6234 /* AFURLSessionManager.m */ = {isa = PBXFileReference; fileEncoding = 4; lastKnownFileType = sourcecode.c.objc; path = AFURLSessionManager.m; sourceTree = "<group>"; };
		5700A4211D8A3BB700BF6234 /* bridge.h */ = {isa = PBXFileReference; fileEncoding = 4; lastKnownFileType = sourcecode.c.h; path = bridge.h; sourceTree = "<group>"; };
		57A23D861D90E4CB0002BE9B /* AFAutoPurgingImageCache.h */ = {isa = PBXFileReference; fileEncoding = 4; lastKnownFileType = sourcecode.c.h; path = AFAutoPurgingImageCache.h; sourceTree = "<group>"; };
		57A23D871D90E4CB0002BE9B /* AFAutoPurgingImageCache.m */ = {isa = PBXFileReference; fileEncoding = 4; lastKnownFileType = sourcecode.c.objc; path = AFAutoPurgingImageCache.m; sourceTree = "<group>"; };
		57A23D881D90E4CB0002BE9B /* AFImageDownloader.h */ = {isa = PBXFileReference; fileEncoding = 4; lastKnownFileType = sourcecode.c.h; path = AFImageDownloader.h; sourceTree = "<group>"; };
		57A23D891D90E4CB0002BE9B /* AFImageDownloader.m */ = {isa = PBXFileReference; fileEncoding = 4; lastKnownFileType = sourcecode.c.objc; path = AFImageDownloader.m; sourceTree = "<group>"; };
		57A23D8A1D90E4CB0002BE9B /* AFNetworkActivityIndicatorManager.h */ = {isa = PBXFileReference; fileEncoding = 4; lastKnownFileType = sourcecode.c.h; path = AFNetworkActivityIndicatorManager.h; sourceTree = "<group>"; };
		57A23D8B1D90E4CB0002BE9B /* AFNetworkActivityIndicatorManager.m */ = {isa = PBXFileReference; fileEncoding = 4; lastKnownFileType = sourcecode.c.objc; path = AFNetworkActivityIndicatorManager.m; sourceTree = "<group>"; };
		57A23D8C1D90E4CB0002BE9B /* UIActivityIndicatorView+AFNetworking.h */ = {isa = PBXFileReference; fileEncoding = 4; lastKnownFileType = sourcecode.c.h; path = "UIActivityIndicatorView+AFNetworking.h"; sourceTree = "<group>"; };
		57A23D8D1D90E4CB0002BE9B /* UIActivityIndicatorView+AFNetworking.m */ = {isa = PBXFileReference; fileEncoding = 4; lastKnownFileType = sourcecode.c.objc; path = "UIActivityIndicatorView+AFNetworking.m"; sourceTree = "<group>"; };
		57A23D8E1D90E4CB0002BE9B /* UIButton+AFNetworking.h */ = {isa = PBXFileReference; fileEncoding = 4; lastKnownFileType = sourcecode.c.h; path = "UIButton+AFNetworking.h"; sourceTree = "<group>"; };
		57A23D8F1D90E4CB0002BE9B /* UIButton+AFNetworking.m */ = {isa = PBXFileReference; fileEncoding = 4; lastKnownFileType = sourcecode.c.objc; path = "UIButton+AFNetworking.m"; sourceTree = "<group>"; };
		57A23D901D90E4CB0002BE9B /* UIImage+AFNetworking.h */ = {isa = PBXFileReference; fileEncoding = 4; lastKnownFileType = sourcecode.c.h; path = "UIImage+AFNetworking.h"; sourceTree = "<group>"; };
		57A23D911D90E4CB0002BE9B /* UIImageView+AFNetworking.h */ = {isa = PBXFileReference; fileEncoding = 4; lastKnownFileType = sourcecode.c.h; path = "UIImageView+AFNetworking.h"; sourceTree = "<group>"; };
		57A23D921D90E4CB0002BE9B /* UIImageView+AFNetworking.m */ = {isa = PBXFileReference; fileEncoding = 4; lastKnownFileType = sourcecode.c.objc; path = "UIImageView+AFNetworking.m"; sourceTree = "<group>"; };
		57A23D931D90E4CB0002BE9B /* UIKit+AFNetworking.h */ = {isa = PBXFileReference; fileEncoding = 4; lastKnownFileType = sourcecode.c.h; path = "UIKit+AFNetworking.h"; sourceTree = "<group>"; };
		57A23D941D90E4CB0002BE9B /* UIProgressView+AFNetworking.h */ = {isa = PBXFileReference; fileEncoding = 4; lastKnownFileType = sourcecode.c.h; path = "UIProgressView+AFNetworking.h"; sourceTree = "<group>"; };
		57A23D951D90E4CB0002BE9B /* UIProgressView+AFNetworking.m */ = {isa = PBXFileReference; fileEncoding = 4; lastKnownFileType = sourcecode.c.objc; path = "UIProgressView+AFNetworking.m"; sourceTree = "<group>"; };
		57A23D961D90E4CB0002BE9B /* UIRefreshControl+AFNetworking.h */ = {isa = PBXFileReference; fileEncoding = 4; lastKnownFileType = sourcecode.c.h; path = "UIRefreshControl+AFNetworking.h"; sourceTree = "<group>"; };
		57A23D971D90E4CB0002BE9B /* UIRefreshControl+AFNetworking.m */ = {isa = PBXFileReference; fileEncoding = 4; lastKnownFileType = sourcecode.c.objc; path = "UIRefreshControl+AFNetworking.m"; sourceTree = "<group>"; };
		57A23D981D90E4CB0002BE9B /* UIWebView+AFNetworking.h */ = {isa = PBXFileReference; fileEncoding = 4; lastKnownFileType = sourcecode.c.h; path = "UIWebView+AFNetworking.h"; sourceTree = "<group>"; };
		57A23D991D90E4CB0002BE9B /* UIWebView+AFNetworking.m */ = {isa = PBXFileReference; fileEncoding = 4; lastKnownFileType = sourcecode.c.objc; path = "UIWebView+AFNetworking.m"; sourceTree = "<group>"; };
/* End PBXFileReference section */

/* Begin PBXFrameworksBuildPhase section */
		5700A3D91D8A3B2000BF6234 /* Frameworks */ = {
			isa = PBXFrameworksBuildPhase;
			buildActionMask = 2147483647;
			files = (
			);
			runOnlyForDeploymentPostprocessing = 0;
		};
		5700A3ED1D8A3B2000BF6234 /* Frameworks */ = {
			isa = PBXFrameworksBuildPhase;
			buildActionMask = 2147483647;
			files = (
			);
			runOnlyForDeploymentPostprocessing = 0;
		};
		5700A3F81D8A3B2000BF6234 /* Frameworks */ = {
			isa = PBXFrameworksBuildPhase;
			buildActionMask = 2147483647;
			files = (
			);
			runOnlyForDeploymentPostprocessing = 0;
		};
/* End PBXFrameworksBuildPhase section */

/* Begin PBXGroup section */
		5700A3D31D8A3B2000BF6234 = {
			isa = PBXGroup;
			children = (
				5700A4211D8A3BB700BF6234 /* bridge.h */,
				57A23D851D90E4CB0002BE9B /* UIKit+AFNetworking */,
				5700A40D1D8A3B4D00BF6234 /* AFNetworking */,
				5700A3DE1D8A3B2000BF6234 /* Photo Search Example swift 3 */,
				5700A3F31D8A3B2000BF6234 /* Photo Search Example swift 3Tests */,
				5700A3FE1D8A3B2000BF6234 /* Photo Search Example swift 3UITests */,
				5700A3DD1D8A3B2000BF6234 /* Products */,
			);
			sourceTree = "<group>";
		};
		5700A3DD1D8A3B2000BF6234 /* Products */ = {
			isa = PBXGroup;
			children = (
				5700A3DC1D8A3B2000BF6234 /* Photo Search Example swift 3.app */,
				5700A3F01D8A3B2000BF6234 /* Photo Search Example swift 3Tests.xctest */,
				5700A3FB1D8A3B2000BF6234 /* Photo Search Example swift 3UITests.xctest */,
			);
			name = Products;
			sourceTree = "<group>";
		};
		5700A3DE1D8A3B2000BF6234 /* Photo Search Example swift 3 */ = {
			isa = PBXGroup;
			children = (
				5700A3DF1D8A3B2000BF6234 /* AppDelegate.swift */,
				5700A3E11D8A3B2000BF6234 /* ViewController.swift */,
				5700A3E31D8A3B2000BF6234 /* Main.storyboard */,
				5700A3E61D8A3B2000BF6234 /* Assets.xcassets */,
				5700A3E81D8A3B2000BF6234 /* LaunchScreen.storyboard */,
				5700A3EB1D8A3B2000BF6234 /* Info.plist */,
			);
			path = "Photo Search Example swift 3";
			sourceTree = "<group>";
		};
		5700A3F31D8A3B2000BF6234 /* Photo Search Example swift 3Tests */ = {
			isa = PBXGroup;
			children = (
				5700A3F41D8A3B2000BF6234 /* Photo_Search_Example_swift_3Tests.swift */,
				5700A3F61D8A3B2000BF6234 /* Info.plist */,
			);
			path = "Photo Search Example swift 3Tests";
			sourceTree = "<group>";
		};
		5700A3FE1D8A3B2000BF6234 /* Photo Search Example swift 3UITests */ = {
			isa = PBXGroup;
			children = (
				5700A3FF1D8A3B2000BF6234 /* Photo_Search_Example_swift_3UITests.swift */,
				5700A4011D8A3B2000BF6234 /* Info.plist */,
			);
			path = "Photo Search Example swift 3UITests";
			sourceTree = "<group>";
		};
		5700A40D1D8A3B4D00BF6234 /* AFNetworking */ = {
			isa = PBXGroup;
			children = (
				5700A40E1D8A3B4D00BF6234 /* AFHTTPSessionManager.h */,
				5700A40F1D8A3B4D00BF6234 /* AFHTTPSessionManager.m */,
				5700A4101D8A3B4D00BF6234 /* AFNetworking.h */,
				5700A4111D8A3B4D00BF6234 /* AFNetworkReachabilityManager.h */,
				5700A4121D8A3B4D00BF6234 /* AFNetworkReachabilityManager.m */,
				5700A4131D8A3B4D00BF6234 /* AFSecurityPolicy.h */,
				5700A4141D8A3B4D00BF6234 /* AFSecurityPolicy.m */,
				5700A4151D8A3B4D00BF6234 /* AFURLRequestSerialization.h */,
				5700A4161D8A3B4D00BF6234 /* AFURLRequestSerialization.m */,
				5700A4171D8A3B4D00BF6234 /* AFURLResponseSerialization.h */,
				5700A4181D8A3B4D00BF6234 /* AFURLResponseSerialization.m */,
				5700A4191D8A3B4D00BF6234 /* AFURLSessionManager.h */,
				5700A41A1D8A3B4D00BF6234 /* AFURLSessionManager.m */,
			);
			path = AFNetworking;
			sourceTree = "<group>";
		};
		57A23D851D90E4CB0002BE9B /* UIKit+AFNetworking */ = {
			isa = PBXGroup;
			children = (
				57A23D861D90E4CB0002BE9B /* AFAutoPurgingImageCache.h */,
				57A23D871D90E4CB0002BE9B /* AFAutoPurgingImageCache.m */,
				57A23D881D90E4CB0002BE9B /* AFImageDownloader.h */,
				57A23D891D90E4CB0002BE9B /* AFImageDownloader.m */,
				57A23D8A1D90E4CB0002BE9B /* AFNetworkActivityIndicatorManager.h */,
				57A23D8B1D90E4CB0002BE9B /* AFNetworkActivityIndicatorManager.m */,
				57A23D8C1D90E4CB0002BE9B /* UIActivityIndicatorView+AFNetworking.h */,
				57A23D8D1D90E4CB0002BE9B /* UIActivityIndicatorView+AFNetworking.m */,
				57A23D8E1D90E4CB0002BE9B /* UIButton+AFNetworking.h */,
				57A23D8F1D90E4CB0002BE9B /* UIButton+AFNetworking.m */,
				57A23D901D90E4CB0002BE9B /* UIImage+AFNetworking.h */,
				57A23D911D90E4CB0002BE9B /* UIImageView+AFNetworking.h */,
				57A23D921D90E4CB0002BE9B /* UIImageView+AFNetworking.m */,
				57A23D931D90E4CB0002BE9B /* UIKit+AFNetworking.h */,
				57A23D941D90E4CB0002BE9B /* UIProgressView+AFNetworking.h */,
				57A23D951D90E4CB0002BE9B /* UIProgressView+AFNetworking.m */,
				57A23D961D90E4CB0002BE9B /* UIRefreshControl+AFNetworking.h */,
				57A23D971D90E4CB0002BE9B /* UIRefreshControl+AFNetworking.m */,
				57A23D981D90E4CB0002BE9B /* UIWebView+AFNetworking.h */,
				57A23D991D90E4CB0002BE9B /* UIWebView+AFNetworking.m */,
			);
			path = "UIKit+AFNetworking";
			sourceTree = "<group>";
		};
/* End PBXGroup section */

/* Begin PBXNativeTarget section */
		5700A3DB1D8A3B2000BF6234 /* Photo Search Example swift 3 */ = {
			isa = PBXNativeTarget;
			buildConfigurationList = 5700A4041D8A3B2000BF6234 /* Build configuration list for PBXNativeTarget "Photo Search Example swift 3" */;
			buildPhases = (
				5700A3D81D8A3B2000BF6234 /* Sources */,
				5700A3D91D8A3B2000BF6234 /* Frameworks */,
				5700A3DA1D8A3B2000BF6234 /* Resources */,
			);
			buildRules = (
			);
			dependencies = (
			);
			name = "Photo Search Example swift 3";
			productName = "Photo Search Example swift 3";
			productReference = 5700A3DC1D8A3B2000BF6234 /* Photo Search Example swift 3.app */;
			productType = "com.apple.product-type.application";
		};
		5700A3EF1D8A3B2000BF6234 /* Photo Search Example swift 3Tests */ = {
			isa = PBXNativeTarget;
			buildConfigurationList = 5700A4071D8A3B2000BF6234 /* Build configuration list for PBXNativeTarget "Photo Search Example swift 3Tests" */;
			buildPhases = (
				5700A3EC1D8A3B2000BF6234 /* Sources */,
				5700A3ED1D8A3B2000BF6234 /* Frameworks */,
				5700A3EE1D8A3B2000BF6234 /* Resources */,
			);
			buildRules = (
			);
			dependencies = (
				5700A3F21D8A3B2000BF6234 /* PBXTargetDependency */,
			);
			name = "Photo Search Example swift 3Tests";
			productName = "Photo Search Example swift 3Tests";
			productReference = 5700A3F01D8A3B2000BF6234 /* Photo Search Example swift 3Tests.xctest */;
			productType = "com.apple.product-type.bundle.unit-test";
		};
		5700A3FA1D8A3B2000BF6234 /* Photo Search Example swift 3UITests */ = {
			isa = PBXNativeTarget;
			buildConfigurationList = 5700A40A1D8A3B2000BF6234 /* Build configuration list for PBXNativeTarget "Photo Search Example swift 3UITests" */;
			buildPhases = (
				5700A3F71D8A3B2000BF6234 /* Sources */,
				5700A3F81D8A3B2000BF6234 /* Frameworks */,
				5700A3F91D8A3B2000BF6234 /* Resources */,
			);
			buildRules = (
			);
			dependencies = (
				5700A3FD1D8A3B2000BF6234 /* PBXTargetDependency */,
			);
			name = "Photo Search Example swift 3UITests";
			productName = "Photo Search Example swift 3UITests";
			productReference = 5700A3FB1D8A3B2000BF6234 /* Photo Search Example swift 3UITests.xctest */;
			productType = "com.apple.product-type.bundle.ui-testing";
		};
/* End PBXNativeTarget section */

/* Begin PBXProject section */
		5700A3D41D8A3B2000BF6234 /* Project object */ = {
			isa = PBXProject;
			attributes = {
				LastSwiftUpdateCheck = 0800;
				LastUpgradeCheck = 0800;
				ORGANIZATIONNAME = "Victor Lo";
				TargetAttributes = {
					5700A3DB1D8A3B2000BF6234 = {
						CreatedOnToolsVersion = 8.0;
						DevelopmentTeam = H5N26DKJ5T;
						ProvisioningStyle = Automatic;
					};
					5700A3EF1D8A3B2000BF6234 = {
						CreatedOnToolsVersion = 8.0;
						ProvisioningStyle = Automatic;
						TestTargetID = 5700A3DB1D8A3B2000BF6234;
					};
					5700A3FA1D8A3B2000BF6234 = {
						CreatedOnToolsVersion = 8.0;
						ProvisioningStyle = Automatic;
						TestTargetID = 5700A3DB1D8A3B2000BF6234;
					};
				};
			};
			buildConfigurationList = 5700A3D71D8A3B2000BF6234 /* Build configuration list for PBXProject "Photo Search Example swift 3" */;
			compatibilityVersion = "Xcode 3.2";
			developmentRegion = English;
			hasScannedForEncodings = 0;
			knownRegions = (
				en,
				Base,
			);
			mainGroup = 5700A3D31D8A3B2000BF6234;
			productRefGroup = 5700A3DD1D8A3B2000BF6234 /* Products */;
			projectDirPath = "";
			projectRoot = "";
			targets = (
				5700A3DB1D8A3B2000BF6234 /* Photo Search Example swift 3 */,
				5700A3EF1D8A3B2000BF6234 /* Photo Search Example swift 3Tests */,
				5700A3FA1D8A3B2000BF6234 /* Photo Search Example swift 3UITests */,
			);
		};
/* End PBXProject section */

/* Begin PBXResourcesBuildPhase section */
		5700A3DA1D8A3B2000BF6234 /* Resources */ = {
			isa = PBXResourcesBuildPhase;
			buildActionMask = 2147483647;
			files = (
				5700A3EA1D8A3B2000BF6234 /* LaunchScreen.storyboard in Resources */,
				5700A3E71D8A3B2000BF6234 /* Assets.xcassets in Resources */,
				5700A3E51D8A3B2000BF6234 /* Main.storyboard in Resources */,
			);
			runOnlyForDeploymentPostprocessing = 0;
		};
		5700A3EE1D8A3B2000BF6234 /* Resources */ = {
			isa = PBXResourcesBuildPhase;
			buildActionMask = 2147483647;
			files = (
			);
			runOnlyForDeploymentPostprocessing = 0;
		};
		5700A3F91D8A3B2000BF6234 /* Resources */ = {
			isa = PBXResourcesBuildPhase;
			buildActionMask = 2147483647;
			files = (
			);
			runOnlyForDeploymentPostprocessing = 0;
		};
/* End PBXResourcesBuildPhase section */

/* Begin PBXSourcesBuildPhase section */
		5700A3D81D8A3B2000BF6234 /* Sources */ = {
			isa = PBXSourcesBuildPhase;
			buildActionMask = 2147483647;
			files = (
				5700A41B1D8A3B4D00BF6234 /* AFHTTPSessionManager.m in Sources */,
				5700A4201D8A3B4D00BF6234 /* AFURLSessionManager.m in Sources */,
				57A23DA11D90E4CB0002BE9B /* UIRefreshControl+AFNetworking.m in Sources */,
				5700A41D1D8A3B4D00BF6234 /* AFSecurityPolicy.m in Sources */,
				5700A3E21D8A3B2000BF6234 /* ViewController.swift in Sources */,
				57A23DA01D90E4CB0002BE9B /* UIProgressView+AFNetworking.m in Sources */,
				57A23D9C1D90E4CB0002BE9B /* AFNetworkActivityIndicatorManager.m in Sources */,
				57A23D9F1D90E4CB0002BE9B /* UIImageView+AFNetworking.m in Sources */,
				5700A41E1D8A3B4D00BF6234 /* AFURLRequestSerialization.m in Sources */,
				57A23D9D1D90E4CB0002BE9B /* UIActivityIndicatorView+AFNetworking.m in Sources */,
				57A23DA21D90E4CB0002BE9B /* UIWebView+AFNetworking.m in Sources */,
				5700A41C1D8A3B4D00BF6234 /* AFNetworkReachabilityManager.m in Sources */,
				57A23D9A1D90E4CB0002BE9B /* AFAutoPurgingImageCache.m in Sources */,
				57A23D9B1D90E4CB0002BE9B /* AFImageDownloader.m in Sources */,
				5700A41F1D8A3B4D00BF6234 /* AFURLResponseSerialization.m in Sources */,
				57A23D9E1D90E4CB0002BE9B /* UIButton+AFNetworking.m in Sources */,
				5700A3E01D8A3B2000BF6234 /* AppDelegate.swift in Sources */,
			);
			runOnlyForDeploymentPostprocessing = 0;
		};
		5700A3EC1D8A3B2000BF6234 /* Sources */ = {
			isa = PBXSourcesBuildPhase;
			buildActionMask = 2147483647;
			files = (
				5700A3F51D8A3B2000BF6234 /* Photo_Search_Example_swift_3Tests.swift in Sources */,
			);
			runOnlyForDeploymentPostprocessing = 0;
		};
		5700A3F71D8A3B2000BF6234 /* Sources */ = {
			isa = PBXSourcesBuildPhase;
			buildActionMask = 2147483647;
			files = (
				5700A4001D8A3B2000BF6234 /* Photo_Search_Example_swift_3UITests.swift in Sources */,
			);
			runOnlyForDeploymentPostprocessing = 0;
		};
/* End PBXSourcesBuildPhase section */

/* Begin PBXTargetDependency section */
		5700A3F21D8A3B2000BF6234 /* PBXTargetDependency */ = {
			isa = PBXTargetDependency;
			target = 5700A3DB1D8A3B2000BF6234 /* Photo Search Example swift 3 */;
			targetProxy = 5700A3F11D8A3B2000BF6234 /* PBXContainerItemProxy */;
		};
		5700A3FD1D8A3B2000BF6234 /* PBXTargetDependency */ = {
			isa = PBXTargetDependency;
			target = 5700A3DB1D8A3B2000BF6234 /* Photo Search Example swift 3 */;
			targetProxy = 5700A3FC1D8A3B2000BF6234 /* PBXContainerItemProxy */;
		};
/* End PBXTargetDependency section */

/* Begin PBXVariantGroup section */
		5700A3E31D8A3B2000BF6234 /* Main.storyboard */ = {
			isa = PBXVariantGroup;
			children = (
				5700A3E41D8A3B2000BF6234 /* Base */,
			);
			name = Main.storyboard;
			sourceTree = "<group>";
		};
		5700A3E81D8A3B2000BF6234 /* LaunchScreen.storyboard */ = {
			isa = PBXVariantGroup;
			children = (
				5700A3E91D8A3B2000BF6234 /* Base */,
			);
			name = LaunchScreen.storyboard;
			sourceTree = "<group>";
		};
/* End PBXVariantGroup section */

/* Begin XCBuildConfiguration section */
		5700A4021D8A3B2000BF6234 /* Debug */ = {
			isa = XCBuildConfiguration;
			buildSettings = {
				ALWAYS_SEARCH_USER_PATHS = NO;
				CLANG_ANALYZER_NONNULL = YES;
				CLANG_CXX_LANGUAGE_STANDARD = "gnu++0x";
				CLANG_CXX_LIBRARY = "libc++";
				CLANG_ENABLE_MODULES = YES;
				CLANG_ENABLE_OBJC_ARC = YES;
				CLANG_WARN_BOOL_CONVERSION = YES;
				CLANG_WARN_CONSTANT_CONVERSION = YES;
				CLANG_WARN_DIRECT_OBJC_ISA_USAGE = YES_ERROR;
				CLANG_WARN_DOCUMENTATION_COMMENTS = YES;
				CLANG_WARN_EMPTY_BODY = YES;
				CLANG_WARN_ENUM_CONVERSION = YES;
				CLANG_WARN_INFINITE_RECURSION = YES;
				CLANG_WARN_INT_CONVERSION = YES;
				CLANG_WARN_OBJC_ROOT_CLASS = YES_ERROR;
				CLANG_WARN_SUSPICIOUS_MOVES = YES;
				CLANG_WARN_UNREACHABLE_CODE = YES;
				CLANG_WARN__DUPLICATE_METHOD_MATCH = YES;
				"CODE_SIGN_IDENTITY[sdk=iphoneos*]" = "iPhone Developer";
				COPY_PHASE_STRIP = NO;
				DEBUG_INFORMATION_FORMAT = dwarf;
				ENABLE_STRICT_OBJC_MSGSEND = YES;
				ENABLE_TESTABILITY = YES;
				GCC_C_LANGUAGE_STANDARD = gnu99;
				GCC_DYNAMIC_NO_PIC = NO;
				GCC_NO_COMMON_BLOCKS = YES;
				GCC_OPTIMIZATION_LEVEL = 0;
				GCC_PREPROCESSOR_DEFINITIONS = (
					"DEBUG=1",
					"$(inherited)",
				);
				GCC_WARN_64_TO_32_BIT_CONVERSION = YES;
				GCC_WARN_ABOUT_RETURN_TYPE = YES_ERROR;
				GCC_WARN_UNDECLARED_SELECTOR = YES;
				GCC_WARN_UNINITIALIZED_AUTOS = YES_AGGRESSIVE;
				GCC_WARN_UNUSED_FUNCTION = YES;
				GCC_WARN_UNUSED_VARIABLE = YES;
				IPHONEOS_DEPLOYMENT_TARGET = 10.0;
				MTL_ENABLE_DEBUG_INFO = YES;
				ONLY_ACTIVE_ARCH = YES;
				SDKROOT = iphoneos;
				SWIFT_ACTIVE_COMPILATION_CONDITIONS = DEBUG;
				SWIFT_OPTIMIZATION_LEVEL = "-Onone";
				TARGETED_DEVICE_FAMILY = "1,2";
			};
			name = Debug;
		};
		5700A4031D8A3B2000BF6234 /* Release */ = {
			isa = XCBuildConfiguration;
			buildSettings = {
				ALWAYS_SEARCH_USER_PATHS = NO;
				CLANG_ANALYZER_NONNULL = YES;
				CLANG_CXX_LANGUAGE_STANDARD = "gnu++0x";
				CLANG_CXX_LIBRARY = "libc++";
				CLANG_ENABLE_MODULES = YES;
				CLANG_ENABLE_OBJC_ARC = YES;
				CLANG_WARN_BOOL_CONVERSION = YES;
				CLANG_WARN_CONSTANT_CONVERSION = YES;
				CLANG_WARN_DIRECT_OBJC_ISA_USAGE = YES_ERROR;
				CLANG_WARN_DOCUMENTATION_COMMENTS = YES;
				CLANG_WARN_EMPTY_BODY = YES;
				CLANG_WARN_ENUM_CONVERSION = YES;
				CLANG_WARN_INFINITE_RECURSION = YES;
				CLANG_WARN_INT_CONVERSION = YES;
				CLANG_WARN_OBJC_ROOT_CLASS = YES_ERROR;
				CLANG_WARN_SUSPICIOUS_MOVES = YES;
				CLANG_WARN_UNREACHABLE_CODE = YES;
				CLANG_WARN__DUPLICATE_METHOD_MATCH = YES;
				"CODE_SIGN_IDENTITY[sdk=iphoneos*]" = "iPhone Developer";
				COPY_PHASE_STRIP = NO;
				DEBUG_INFORMATION_FORMAT = "dwarf-with-dsym";
				ENABLE_NS_ASSERTIONS = NO;
				ENABLE_STRICT_OBJC_MSGSEND = YES;
				GCC_C_LANGUAGE_STANDARD = gnu99;
				GCC_NO_COMMON_BLOCKS = YES;
				GCC_WARN_64_TO_32_BIT_CONVERSION = YES;
				GCC_WARN_ABOUT_RETURN_TYPE = YES_ERROR;
				GCC_WARN_UNDECLARED_SELECTOR = YES;
				GCC_WARN_UNINITIALIZED_AUTOS = YES_AGGRESSIVE;
				GCC_WARN_UNUSED_FUNCTION = YES;
				GCC_WARN_UNUSED_VARIABLE = YES;
				IPHONEOS_DEPLOYMENT_TARGET = 10.0;
				MTL_ENABLE_DEBUG_INFO = NO;
				SDKROOT = iphoneos;
				SWIFT_OPTIMIZATION_LEVEL = "-Owholemodule";
				TARGETED_DEVICE_FAMILY = "1,2";
				VALIDATE_PRODUCT = YES;
			};
			name = Release;
		};
		5700A4051D8A3B2000BF6234 /* Debug */ = {
			isa = XCBuildConfiguration;
			buildSettings = {
				ASSETCATALOG_COMPILER_APPICON_NAME = AppIcon;
				DEFINES_MODULE = YES;
				DEVELOPMENT_TEAM = H5N26DKJ5T;
				INFOPLIST_FILE = "Photo Search Example swift 3/Info.plist";
				LD_RUNPATH_SEARCH_PATHS = "$(inherited) @executable_path/Frameworks";
				PRODUCT_BUNDLE_IDENTIFIER = "I-am-here.Photo-Search-Example-swift-3";
				PRODUCT_NAME = "$(TARGET_NAME)";
				SWIFT_OBJC_BRIDGING_HEADER = bridge.h;
				SWIFT_VERSION = 3.0;
			};
			name = Debug;
		};
		5700A4061D8A3B2000BF6234 /* Release */ = {
			isa = XCBuildConfiguration;
			buildSettings = {
				ASSETCATALOG_COMPILER_APPICON_NAME = AppIcon;
				DEFINES_MODULE = YES;
				DEVELOPMENT_TEAM = H5N26DKJ5T;
				INFOPLIST_FILE = "Photo Search Example swift 3/Info.plist";
				LD_RUNPATH_SEARCH_PATHS = "$(inherited) @executable_path/Frameworks";
				PRODUCT_BUNDLE_IDENTIFIER = "I-am-here.Photo-Search-Example-swift-3";
				PRODUCT_NAME = "$(TARGET_NAME)";
				SWIFT_OBJC_BRIDGING_HEADER = bridge.h;
				SWIFT_VERSION = 3.0;
			};
			name = Release;
		};
		5700A4081D8A3B2000BF6234 /* Debug */ = {
			isa = XCBuildConfiguration;
			buildSettings = {
				ALWAYS_EMBED_SWIFT_STANDARD_LIBRARIES = YES;
				BUNDLE_LOADER = "$(TEST_HOST)";
				INFOPLIST_FILE = "Photo Search Example swift 3Tests/Info.plist";
				LD_RUNPATH_SEARCH_PATHS = "$(inherited) @executable_path/Frameworks @loader_path/Frameworks";
				PRODUCT_BUNDLE_IDENTIFIER = "I-am-here.Photo-Search-Example-swift-3Tests";
				PRODUCT_NAME = "$(TARGET_NAME)";
				SWIFT_VERSION = 3.0;
				TEST_HOST = "$(BUILT_PRODUCTS_DIR)/Photo Search Example swift 3.app/Photo Search Example swift 3";
			};
			name = Debug;
		};
		5700A4091D8A3B2000BF6234 /* Release */ = {
			isa = XCBuildConfiguration;
			buildSettings = {
				ALWAYS_EMBED_SWIFT_STANDARD_LIBRARIES = YES;
				BUNDLE_LOADER = "$(TEST_HOST)";
				INFOPLIST_FILE = "Photo Search Example swift 3Tests/Info.plist";
				LD_RUNPATH_SEARCH_PATHS = "$(inherited) @executable_path/Frameworks @loader_path/Frameworks";
				PRODUCT_BUNDLE_IDENTIFIER = "I-am-here.Photo-Search-Example-swift-3Tests";
				PRODUCT_NAME = "$(TARGET_NAME)";
				SWIFT_VERSION = 3.0;
				TEST_HOST = "$(BUILT_PRODUCTS_DIR)/Photo Search Example swift 3.app/Photo Search Example swift 3";
			};
			name = Release;
		};
		5700A40B1D8A3B2000BF6234 /* Debug */ = {
			isa = XCBuildConfiguration;
			buildSettings = {
				ALWAYS_EMBED_SWIFT_STANDARD_LIBRARIES = YES;
				INFOPLIST_FILE = "Photo Search Example swift 3UITests/Info.plist";
				LD_RUNPATH_SEARCH_PATHS = "$(inherited) @executable_path/Frameworks @loader_path/Frameworks";
				PRODUCT_BUNDLE_IDENTIFIER = "I-am-here.Photo-Search-Example-swift-3UITests";
				PRODUCT_NAME = "$(TARGET_NAME)";
				SWIFT_VERSION = 3.0;
				TEST_TARGET_NAME = "Photo Search Example swift 3";
			};
			name = Debug;
		};
		5700A40C1D8A3B2000BF6234 /* Release */ = {
			isa = XCBuildConfiguration;
			buildSettings = {
				ALWAYS_EMBED_SWIFT_STANDARD_LIBRARIES = YES;
				INFOPLIST_FILE = "Photo Search Example swift 3UITests/Info.plist";
				LD_RUNPATH_SEARCH_PATHS = "$(inherited) @executable_path/Frameworks @loader_path/Frameworks";
				PRODUCT_BUNDLE_IDENTIFIER = "I-am-here.Photo-Search-Example-swift-3UITests";
				PRODUCT_NAME = "$(TARGET_NAME)";
				SWIFT_VERSION = 3.0;
				TEST_TARGET_NAME = "Photo Search Example swift 3";
			};
			name = Release;
		};
/* End XCBuildConfiguration section */

/* Begin XCConfigurationList section */
		5700A3D71D8A3B2000BF6234 /* Build configuration list for PBXProject "Photo Search Example swift 3" */ = {
			isa = XCConfigurationList;
			buildConfigurations = (
				5700A4021D8A3B2000BF6234 /* Debug */,
				5700A4031D8A3B2000BF6234 /* Release */,
			);
			defaultConfigurationIsVisible = 0;
			defaultConfigurationName = Release;
		};
		5700A4041D8A3B2000BF6234 /* Build configuration list for PBXNativeTarget "Photo Search Example swift 3" */ = {
			isa = XCConfigurationList;
			buildConfigurations = (
				5700A4051D8A3B2000BF6234 /* Debug */,
				5700A4061D8A3B2000BF6234 /* Release */,
			);
			defaultConfigurationIsVisible = 0;
			defaultConfigurationName = Release;
		};
		5700A4071D8A3B2000BF6234 /* Build configuration list for PBXNativeTarget "Photo Search Example swift 3Tests" */ = {
			isa = XCConfigurationList;
			buildConfigurations = (
				5700A4081D8A3B2000BF6234 /* Debug */,
				5700A4091D8A3B2000BF6234 /* Release */,
			);
			defaultConfigurationIsVisible = 0;
			defaultConfigurationName = Release;
		};
		5700A40A1D8A3B2000BF6234 /* Build configuration list for PBXNativeTarget "Photo Search Example swift 3UITests" */ = {
			isa = XCConfigurationList;
			buildConfigurations = (
				5700A40B1D8A3B2000BF6234 /* Debug */,
				5700A40C1D8A3B2000BF6234 /* Release */,
			);
			defaultConfigurationIsVisible = 0;
			defaultConfigurationName = Release;
		};
/* End XCConfigurationList section */
	};
	rootObject = 5700A3D41D8A3B2000BF6234 /* Project object */;
}
